{
  "object": {
    "pins": [
      {
        "package": "CSDL2",
        "repositoryURL": "https://github.com/PureSwift/CSDL2.git",
        "state": {
          "branch": "master",
          "revision": "7cfe34d9d12cf7fe958c42c2f37577bd01c703e4",
          "version": null
        }
      }
    ]
  },
  "version": 1
}
